
Microsoft Visual Studio Solution File, Format Version 12.00
# Visual Studio 15
Project("{FAE04EC0-301F-11D3-BF4B-00C04F79EFBC}") = "Unity.XR.Interaction.Toolkit.Samples.StarterAssets", "Unity.XR.Interaction.Toolkit.Samples.StarterAssets.csproj", "{E5878CFF-2D9C-8F23-219F-07121B51535A}"
EndProject
Global
	GlobalSection(SolutionConfigurationPlatforms) = preSolution
		Debug|Any CPU = Debug|Any CPU
		Release|Any CPU = Release|Any CPU
	EndGlobalSection
	GlobalSection(ProjectConfigurationPlatforms) = postSolution
		{E5878CFF-2D9C-8F23-219F-07121B51535A}.Debug|Any CPU.ActiveCfg = Debug|Any CPU
		{E5878CFF-2D9C-8F23-219F-07121B51535A}.Debug|Any CPU.Build.0 = Debug|Any CPU
		{E5878CFF-2D9C-8F23-219F-07121B51535A}.Release|Any CPU.ActiveCfg = Release|Any CPU
		{E5878CFF-2D9C-8F23-219F-07121B51535A}.Release|Any CPU.Build.0 = Release|Any CPU
	EndGlobalSection
	GlobalSection(SolutionProperties) = preSolution
		HideSolutionNode = FALSE
	EndGlobalSection
EndGlobal
